
Microsoft Visual Studio Solution File, Format Version 12.00
# Visual Studio Version 17
VisualStudioVersion = 17.1.32414.318
MinimumVisualStudioVersion = 10.0.40219.1
Project("{9A19103F-16F7-4668-BE54-9A1E7A4F7556}") = "ChapterBET9", "ChapterBET9\ChapterBET9.csproj", "{99027C69-E205-4E44-A2E0-CA4C1609FFBA}"
EndProject
Project("{FAE04EC0-301F-11D3-BF4B-00C04F79EFBC}") = "TesteIntegracao", "TesteIntegracao\TesteIntegracao.csproj", "{8C1F2DAE-3F9E-4B1C-9E48-DF83AB0256E4}"
EndProject
Global
	GlobalSection(SolutionConfigurationPlatforms) = preSolution
		Debug|Any CPU = Debug|Any CPU
		Release|Any CPU = Release|Any CPU
	EndGlobalSection
	GlobalSection(ProjectConfigurationPlatforms) = postSolution
		{99027C69-E205-4E44-A2E0-CA4C1609FFBA}.Debug|Any CPU.ActiveCfg = Debug|Any CPU
		{99027C69-E205-4E44-A2E0-CA4C1609FFBA}.Debug|Any CPU.Build.0 = Debug|Any CPU
		{99027C69-E205-4E44-A2E0-CA4C1609FFBA}.Release|Any CPU.ActiveCfg = Release|Any CPU
		{99027C69-E205-4E44-A2E0-CA4C1609FFBA}.Release|Any CPU.Build.0 = Release|Any CPU
		{8C1F2DAE-3F9E-4B1C-9E48-DF83AB0256E4}.Debug|Any CPU.ActiveCfg = Debug|Any CPU
		{8C1F2DAE-3F9E-4B1C-9E48-DF83AB0256E4}.Debug|Any CPU.Build.0 = Debug|Any CPU
		{8C1F2DAE-3F9E-4B1C-9E48-DF83AB0256E4}.Release|Any CPU.ActiveCfg = Release|Any CPU
		{8C1F2DAE-3F9E-4B1C-9E48-DF83AB0256E4}.Release|Any CPU.Build.0 = Release|Any CPU
	EndGlobalSection
	GlobalSection(SolutionProperties) = preSolution
		HideSolutionNode = FALSE
	EndGlobalSection
	GlobalSection(ExtensibilityGlobals) = postSolution
		SolutionGuid = {B7F3A9B7-AA8C-4754-B28C-11EAF0D67CFE}
	EndGlobalSection
EndGlobal
